# DO NOT EDIT MANUALLY - Managed by Fern Replay
version: "1.0"
generations:
  - commit_sha: 59b5dc50ffb1ae86108e621b04565356d7b4c52b
    tree_hash: f6b2e2558c6e82d782d072f30153b90455152160
    timestamp: 2026-08-26T21:06:48.296Z
    cli_version: unknown
    generator_versions: {}
current_generation: 59b5dc50ffb1ae86108e621b04565356d7b4c52b
patches: []
